
Microsoft Visual Studio Solution File, Format Version 12.00
# Visual Studio Version 17
VisualStudioVersion = 17.9.34728.123
MinimumVisualStudioVersion = 10.0.40219.1
Project("{FAE04EC0-301F-11D3-BF4B-00C04F79EFBC}") = "buibaquang_aspcoreblazor", "buibaquang_aspcoreblazor\buibaquang_aspcoreblazor\buibaquang_aspcoreblazor.csproj", "{05B6EE31-8175-4101-80DF-B03954C846A2}"
EndProject
Project("{FAE04EC0-301F-11D3-BF4B-00C04F79EFBC}") = "buibaquang_aspcoreblazor.Client", "buibaquang_aspcoreblazor\buibaquang_aspcoreblazor.Client\buibaquang_aspcoreblazor.Client.csproj", "{86F62D78-9096-423F-A6E5-3B4FF8EF1E78}"
EndProject
Project("{FAE04EC0-301F-11D3-BF4B-00C04F79EFBC}") = "buibaquang_aspcoreblazor.Api", "buibaquang_aspcoreblazor.Api\buibaquang_aspcoreblazor.Api.csproj", "{1197CD41-ACFC-466E-BA88-0EE09FDF0717}"
EndProject
Global
	GlobalSection(SolutionConfigurationPlatforms) = preSolution
		Debug|Any CPU = Debug|Any CPU
		Release|Any CPU = Release|Any CPU
	EndGlobalSection
	GlobalSection(ProjectConfigurationPlatforms) = postSolution
		{05B6EE31-8175-4101-80DF-B03954C846A2}.Debug|Any CPU.ActiveCfg = Debug|Any CPU
		{05B6EE31-8175-4101-80DF-B03954C846A2}.Debug|Any CPU.Build.0 = Debug|Any CPU
		{05B6EE31-8175-4101-80DF-B03954C846A2}.Release|Any CPU.ActiveCfg = Release|Any CPU
		{05B6EE31-8175-4101-80DF-B03954C846A2}.Release|Any CPU.Build.0 = Release|Any CPU
		{86F62D78-9096-423F-A6E5-3B4FF8EF1E78}.Debug|Any CPU.ActiveCfg = Debug|Any CPU
		{86F62D78-9096-423F-A6E5-3B4FF8EF1E78}.Debug|Any CPU.Build.0 = Debug|Any CPU
		{86F62D78-9096-423F-A6E5-3B4FF8EF1E78}.Release|Any CPU.ActiveCfg = Release|Any CPU
		{86F62D78-9096-423F-A6E5-3B4FF8EF1E78}.Release|Any CPU.Build.0 = Release|Any CPU
		{1197CD41-ACFC-466E-BA88-0EE09FDF0717}.Debug|Any CPU.ActiveCfg = Debug|Any CPU
		{1197CD41-ACFC-466E-BA88-0EE09FDF0717}.Debug|Any CPU.Build.0 = Debug|Any CPU
		{1197CD41-ACFC-466E-BA88-0EE09FDF0717}.Release|Any CPU.ActiveCfg = Release|Any CPU
		{1197CD41-ACFC-466E-BA88-0EE09FDF0717}.Release|Any CPU.Build.0 = Release|Any CPU
	EndGlobalSection
	GlobalSection(SolutionProperties) = preSolution
		HideSolutionNode = FALSE
	EndGlobalSection
	GlobalSection(ExtensibilityGlobals) = postSolution
		SolutionGuid = {66DDAB57-5702-4848-9272-D0CB9369682A}
	EndGlobalSection
EndGlobal
